
Microsoft Visual Studio Solution File, Format Version 12.00
# Visual Studio Version 17
VisualStudioVersion = 17.2.32602.215
MinimumVisualStudioVersion = 10.0.40219.1
Project("{FAE04EC0-301F-11D3-BF4B-00C04F79EFBC}") = "CadastroFuncionario", "CadastroFuncionario\CadastroFuncionario.csproj", "{297145F2-60A2-4402-A348-03D6AB0F8773}"
EndProject
Global
	GlobalSection(SolutionConfigurationPlatforms) = preSolution
		Debug|Any CPU = Debug|Any CPU
		Release|Any CPU = Release|Any CPU
	EndGlobalSection
	GlobalSection(ProjectConfigurationPlatforms) = postSolution
		{297145F2-60A2-4402-A348-03D6AB0F8773}.Debug|Any CPU.ActiveCfg = Debug|Any CPU
		{297145F2-60A2-4402-A348-03D6AB0F8773}.Debug|Any CPU.Build.0 = Debug|Any CPU
		{297145F2-60A2-4402-A348-03D6AB0F8773}.Release|Any CPU.ActiveCfg = Release|Any CPU
		{297145F2-60A2-4402-A348-03D6AB0F8773}.Release|Any CPU.Build.0 = Release|Any CPU
	EndGlobalSection
	GlobalSection(SolutionProperties) = preSolution
		HideSolutionNode = FALSE
	EndGlobalSection
	GlobalSection(ExtensibilityGlobals) = postSolution
		SolutionGuid = {39AD722A-9298-41C3-9399-15A12E397666}
	EndGlobalSection
EndGlobal
